
Microsoft Visual Studio Solution File, Format Version 12.00
# Visual Studio Version 17
VisualStudioVersion = 17.5.33627.172
MinimumVisualStudioVersion = 10.0.40219.1
Project("{FAE04EC0-301F-11D3-BF4B-00C04F79EFBC}") = "LanchesMac", "LanchesMac\LanchesMac.csproj", "{B82BEEF2-ED36-4988-A70B-A4AF08795EB9}"
EndProject
Global
	GlobalSection(SolutionConfigurationPlatforms) = preSolution
		Debug|Any CPU = Debug|Any CPU
		Release|Any CPU = Release|Any CPU
	EndGlobalSection
	GlobalSection(ProjectConfigurationPlatforms) = postSolution
		{B82BEEF2-ED36-4988-A70B-A4AF08795EB9}.Debug|Any CPU.ActiveCfg = Debug|Any CPU
		{B82BEEF2-ED36-4988-A70B-A4AF08795EB9}.Debug|Any CPU.Build.0 = Debug|Any CPU
		{B82BEEF2-ED36-4988-A70B-A4AF08795EB9}.Release|Any CPU.ActiveCfg = Release|Any CPU
		{B82BEEF2-ED36-4988-A70B-A4AF08795EB9}.Release|Any CPU.Build.0 = Release|Any CPU
	EndGlobalSection
	GlobalSection(SolutionProperties) = preSolution
		HideSolutionNode = FALSE
	EndGlobalSection
	GlobalSection(ExtensibilityGlobals) = postSolution
		SolutionGuid = {45200373-6F95-4FB7-B01B-4E0C2A5BF3BD}
	EndGlobalSection
EndGlobal
